
Microsoft Visual Studio Solution File, Format Version 12.00
# Visual Studio Version 17
VisualStudioVersion = 17.4.33205.214
MinimumVisualStudioVersion = 10.0.40219.1
Project("{FAE04EC0-301F-11D3-BF4B-00C04F79EFBC}") = "Rectangle", "Rectangle\Rectangle.csproj", "{DF14F22F-8E67-49C5-AE6E-E14962CAD7D1}"
EndProject
Global
	GlobalSection(SolutionConfigurationPlatforms) = preSolution
		Debug|Any CPU = Debug|Any CPU
		Release|Any CPU = Release|Any CPU
	EndGlobalSection
	GlobalSection(ProjectConfigurationPlatforms) = postSolution
		{DF14F22F-8E67-49C5-AE6E-E14962CAD7D1}.Debug|Any CPU.ActiveCfg = Debug|Any CPU
		{DF14F22F-8E67-49C5-AE6E-E14962CAD7D1}.Debug|Any CPU.Build.0 = Debug|Any CPU
		{DF14F22F-8E67-49C5-AE6E-E14962CAD7D1}.Release|Any CPU.ActiveCfg = Release|Any CPU
		{DF14F22F-8E67-49C5-AE6E-E14962CAD7D1}.Release|Any CPU.Build.0 = Release|Any CPU
	EndGlobalSection
	GlobalSection(SolutionProperties) = preSolution
		HideSolutionNode = FALSE
	EndGlobalSection
	GlobalSection(ExtensibilityGlobals) = postSolution
		SolutionGuid = {1591FFA8-70F7-42D5-8986-14BE24D17377}
	EndGlobalSection
EndGlobal
